// !$*UTF8*$!
{
	archiveVersion = 1;
	classes = {
	};
	objectVersion = 46;
	objects = {

/* Begin PBXBuildFile section */
		619A5EA6966F26FB9893D3A2 /* Pods_Calculator.framework in Frameworks */ = {isa = PBXBuildFile; fileRef = 4B55DC7C9A9BA8B391B55193 /* Pods_Calculator.framework */; };
		74171ECF1E801EBE00A3B5E4 /* AppDelegate.swift in Sources */ = {isa = PBXBuildFile; fileRef = 74171ECE1E801EBE00A3B5E4 /* AppDelegate.swift */; };
		74171ED11E801EBE00A3B5E4 /* ViewController.swift in Sources */ = {isa = PBXBuildFile; fileRef = 74171ED01E801EBE00A3B5E4 /* ViewController.swift */; };
		74171ED41E801EBE00A3B5E4 /* Main.storyboard in Resources */ = {isa = PBXBuildFile; fileRef = 74171ED21E801EBE00A3B5E4 /* Main.storyboard */; };
		74171ED61E801EBE00A3B5E4 /* Assets.xcassets in Resources */ = {isa = PBXBuildFile; fileRef = 74171ED51E801EBE00A3B5E4 /* Assets.xcassets */; };
		74171ED91E801EBE00A3B5E4 /* LaunchScreen.storyboard in Resources */ = {isa = PBXBuildFile; fileRef = 74171ED71E801EBE00A3B5E4 /* LaunchScreen.storyboard */; };
		74171EE41E801EBF00A3B5E4 /* CalculatorTests.swift in Sources */ = {isa = PBXBuildFile; fileRef = 74171EE31E801EBF00A3B5E4 /* CalculatorTests.swift */; };
		74171EEF1E801EBF00A3B5E4 /* CalculatorUITests.swift in Sources */ = {isa = PBXBuildFile; fileRef = 74171EEE1E801EBF00A3B5E4 /* CalculatorUITests.swift */; };
		74171EFD1E801FC300A3B5E4 /* CalculatorModel.swift in Sources */ = {isa = PBXBuildFile; fileRef = 74171EFC1E801FC300A3B5E4 /* CalculatorModel.swift */; };
		8EF7815BAF3EFF708961009B /* Pods_Calculator_CalculatorTests.framework in Frameworks */ = {isa = PBXBuildFile; fileRef = 382E78477A0935E2852624EA /* Pods_Calculator_CalculatorTests.framework */; };
		A44085CF7003573DAF592649 /* Pods_CalculatorUITests.framework in Frameworks */ = {isa = PBXBuildFile; fileRef = 9CB3C66CA506651C1ACB0426 /* Pods_CalculatorUITests.framework */; };
/* End PBXBuildFile section */

/* Begin PBXContainerItemProxy section */
		74171EE01E801EBF00A3B5E4 /* PBXContainerItemProxy */ = {
			isa = PBXContainerItemProxy;
			containerPortal = 74171EC31E801EBE00A3B5E4 /* Project object */;
			proxyType = 1;
			remoteGlobalIDString = 74171ECA1E801EBE00A3B5E4;
			remoteInfo = Calculator;
		};
		74171EEB1E801EBF00A3B5E4 /* PBXContainerItemProxy */ = {
			isa = PBXContainerItemProxy;
			containerPortal = 74171EC31E801EBE00A3B5E4 /* Project object */;
			proxyType = 1;
			remoteGlobalIDString = 74171ECA1E801EBE00A3B5E4;
			remoteInfo = Calculator;
		};
/* End PBXContainerItemProxy section */

/* Begin PBXFileReference section */
		239B46B2CCB2ED4C0557D8E1 /* Pods-Calculator-CalculatorTests.debug.xcconfig */ = {isa = PBXFileReference; includeInIndex = 1; lastKnownFileType = text.xcconfig; name = "Pods-Calculator-CalculatorTests.debug.xcconfig"; path = "Pods/Target Support Files/Pods-Calculator-CalculatorTests/Pods-Calculator-CalculatorTests.debug.xcconfig"; sourceTree = "<group>"; };
		283F5DE954AC46B5102F20FD /* Pods-Calculator.release.xcconfig */ = {isa = PBXFileReference; includeInIndex = 1; lastKnownFileType = text.xcconfig; name = "Pods-Calculator.release.xcconfig"; path = "Pods/Target Support Files/Pods-Calculator/Pods-Calculator.release.xcconfig"; sourceTree = "<group>"; };
		382E78477A0935E2852624EA /* Pods_Calculator_CalculatorTests.framework */ = {isa = PBXFileReference; explicitFileType = wrapper.framework; includeInIndex = 0; path = Pods_Calculator_CalculatorTests.framework; sourceTree = BUILT_PRODUCTS_DIR; };
		4244BF32D73FE03BA0E04347 /* Pods-Calculator-CalculatorTests.release.xcconfig */ = {isa = PBXFileReference; includeInIndex = 1; lastKnownFileType = text.xcconfig; name = "Pods-Calculator-CalculatorTests.release.xcconfig"; path = "Pods/Target Support Files/Pods-Calculator-CalculatorTests/Pods-Calculator-CalculatorTests.release.xcconfig"; sourceTree = "<group>"; };
		4B55DC7C9A9BA8B391B55193 /* Pods_Calculator.framework */ = {isa = PBXFileReference; explicitFileType = wrapper.framework; includeInIndex = 0; path = Pods_Calculator.framework; sourceTree = BUILT_PRODUCTS_DIR; };
		571D4B77433E6C0DC509C100 /* Pods-Calculator.debug.xcconfig */ = {isa = PBXFileReference; includeInIndex = 1; lastKnownFileType = text.xcconfig; name = "Pods-Calculator.debug.xcconfig"; path = "Pods/Target Support Files/Pods-Calculator/Pods-Calculator.debug.xcconfig"; sourceTree = "<group>"; };
		74171ECB1E801EBE00A3B5E4 /* Calculator.app */ = {isa = PBXFileReference; explicitFileType = wrapper.application; includeInIndex = 0; path = Calculator.app; sourceTree = BUILT_PRODUCTS_DIR; };
		74171ECE1E801EBE00A3B5E4 /* AppDelegate.swift */ = {isa = PBXFileReference; lastKnownFileType = sourcecode.swift; path = AppDelegate.swift; sourceTree = "<group>"; };
		74171ED01E801EBE00A3B5E4 /* ViewController.swift */ = {isa = PBXFileReference; lastKnownFileType = sourcecode.swift; path = ViewController.swift; sourceTree = "<group>"; };
		74171ED31E801EBE00A3B5E4 /* Base */ = {isa = PBXFileReference; lastKnownFileType = file.storyboard; name = Base; path = Base.lproj/Main.storyboard; sourceTree = "<group>"; };
		74171ED51E801EBE00A3B5E4 /* Assets.xcassets */ = {isa = PBXFileReference; lastKnownFileType = folder.assetcatalog; path = Assets.xcassets; sourceTree = "<group>"; };
		74171ED81E801EBE00A3B5E4 /* Base */ = {isa = PBXFileReference; lastKnownFileType = file.storyboard; name = Base; path = Base.lproj/LaunchScreen.storyboard; sourceTree = "<group>"; };
		74171EDA1E801EBE00A3B5E4 /* Info.plist */ = {isa = PBXFileReference; lastKnownFileType = text.plist.xml; path = Info.plist; sourceTree = "<group>"; };
		74171EDF1E801EBF00A3B5E4 /* CalculatorTests.xctest */ = {isa = PBXFileReference; explicitFileType = wrapper.cfbundle; includeInIndex = 0; path = CalculatorTests.xctest; sourceTree = BUILT_PRODUCTS_DIR; };
		74171EE31E801EBF00A3B5E4 /* CalculatorTests.swift */ = {isa = PBXFileReference; lastKnownFileType = sourcecode.swift; path = CalculatorTests.swift; sourceTree = "<group>"; };
		74171EE51E801EBF00A3B5E4 /* Info.plist */ = {isa = PBXFileReference; lastKnownFileType = text.plist.xml; path = Info.plist; sourceTree = "<group>"; };
		74171EEA1E801EBF00A3B5E4 /* CalculatorUITests.xctest */ = {isa = PBXFileReference; explicitFileType = wrapper.cfbundle; includeInIndex = 0; path = CalculatorUITests.xctest; sourceTree = BUILT_PRODUCTS_DIR; };
		74171EEE1E801EBF00A3B5E4 /* CalculatorUITests.swift */ = {isa = PBXFileReference; lastKnownFileType = sourcecode.swift; path = CalculatorUITests.swift; sourceTree = "<group>"; };
		74171EF01E801EBF00A3B5E4 /* Info.plist */ = {isa = PBXFileReference; lastKnownFileType = text.plist.xml; path = Info.plist; sourceTree = "<group>"; };
		74171EFC1E801FC300A3B5E4 /* CalculatorModel.swift */ = {isa = PBXFileReference; fileEncoding = 4; lastKnownFileType = sourcecode.swift; path = CalculatorModel.swift; sourceTree = "<group>"; };
		77C92CA4FED2F6E299563E38 /* Pods-CalculatorUITests.release.xcconfig */ = {isa = PBXFileReference; includeInIndex = 1; lastKnownFileType = text.xcconfig; name = "Pods-CalculatorUITests.release.xcconfig"; path = "Pods/Target Support Files/Pods-CalculatorUITests/Pods-CalculatorUITests.release.xcconfig"; sourceTree = "<group>"; };
		9CB3C66CA506651C1ACB0426 /* Pods_CalculatorUITests.framework */ = {isa = PBXFileReference; explicitFileType = wrapper.framework; includeInIndex = 0; path = Pods_CalculatorUITests.framework; sourceTree = BUILT_PRODUCTS_DIR; };
		EADEA490779D9AFA4F9EC5A6 /* Pods-CalculatorUITests.debug.xcconfig */ = {isa = PBXFileReference; includeInIndex = 1; lastKnownFileType = text.xcconfig; name = "Pods-CalculatorUITests.debug.xcconfig"; path = "Pods/Target Support Files/Pods-CalculatorUITests/Pods-CalculatorUITests.debug.xcconfig"; sourceTree = "<group>"; };
/* End PBXFileReference section */

/* Begin PBXFrameworksBuildPhase section */
		74171EC81E801EBE00A3B5E4 /* Frameworks */ = {
			isa = PBXFrameworksBuildPhase;
			buildActionMask = 2147483647;
			files = (
				619A5EA6966F26FB9893D3A2 /* Pods_Calculator.framework in Frameworks */,
			);
			runOnlyForDeploymentPostprocessing = 0;
		};
		74171EDC1E801EBF00A3B5E4 /* Frameworks */ = {
			isa = PBXFrameworksBuildPhase;
			buildActionMask = 2147483647;
			files = (
				8EF7815BAF3EFF708961009B /* Pods_Calculator_CalculatorTests.framework in Frameworks */,
			);
			runOnlyForDeploymentPostprocessing = 0;
		};
		74171EE71E801EBF00A3B5E4 /* Frameworks */ = {
			isa = PBXFrameworksBuildPhase;
			buildActionMask = 2147483647;
			files = (
				A44085CF7003573DAF592649 /* Pods_CalculatorUITests.framework in Frameworks */,
			);
			runOnlyForDeploymentPostprocessing = 0;
		};
/* End PBXFrameworksBuildPhase section */

/* Begin PBXGroup section */
		0852024966BA75147DA3ED5D /* Frameworks */ = {
			isa = PBXGroup;
			children = (
				4B55DC7C9A9BA8B391B55193 /* Pods_Calculator.framework */,
				382E78477A0935E2852624EA /* Pods_Calculator_CalculatorTests.framework */,
				9CB3C66CA506651C1ACB0426 /* Pods_CalculatorUITests.framework */,
			);
			name = Frameworks;
			sourceTree = "<group>";
		};
		74171EC21E801EBE00A3B5E4 = {
			isa = PBXGroup;
			children = (
				74171ECD1E801EBE00A3B5E4 /* Calculator */,
				74171EE21E801EBF00A3B5E4 /* CalculatorTests */,
				74171EED1E801EBF00A3B5E4 /* CalculatorUITests */,
				74171ECC1E801EBE00A3B5E4 /* Products */,
				91FD823AB6F5D0708850D990 /* Pods */,
				0852024966BA75147DA3ED5D /* Frameworks */,
			);
			sourceTree = "<group>";
		};
		74171ECC1E801EBE00A3B5E4 /* Products */ = {
			isa = PBXGroup;
			children = (
				74171ECB1E801EBE00A3B5E4 /* Calculator.app */,
				74171EDF1E801EBF00A3B5E4 /* CalculatorTests.xctest */,
				74171EEA1E801EBF00A3B5E4 /* CalculatorUITests.xctest */,
			);
			name = Products;
			sourceTree = "<group>";
		};
		74171ECD1E801EBE00A3B5E4 /* Calculator */ = {
			isa = PBXGroup;
			children = (
				74171ECE1E801EBE00A3B5E4 /* AppDelegate.swift */,
				74171EFC1E801FC300A3B5E4 /* CalculatorModel.swift */,
				74171ED01E801EBE00A3B5E4 /* ViewController.swift */,
				74171ED21E801EBE00A3B5E4 /* Main.storyboard */,
				74171ED51E801EBE00A3B5E4 /* Assets.xcassets */,
				74171ED71E801EBE00A3B5E4 /* LaunchScreen.storyboard */,
				74171EDA1E801EBE00A3B5E4 /* Info.plist */,
			);
			path = Calculator;
			sourceTree = "<group>";
		};
		74171EE21E801EBF00A3B5E4 /* CalculatorTests */ = {
			isa = PBXGroup;
			children = (
				74171EE31E801EBF00A3B5E4 /* CalculatorTests.swift */,
				74171EE51E801EBF00A3B5E4 /* Info.plist */,
			);
			path = CalculatorTests;
			sourceTree = "<group>";
		};
		74171EED1E801EBF00A3B5E4 /* CalculatorUITests */ = {
			isa = PBXGroup;
			children = (
				74171EEE1E801EBF00A3B5E4 /* CalculatorUITests.swift */,
				74171EF01E801EBF00A3B5E4 /* Info.plist */,
			);
			path = CalculatorUITests;
			sourceTree = "<group>";
		};
		91FD823AB6F5D0708850D990 /* Pods */ = {
			isa = PBXGroup;
			children = (
				571D4B77433E6C0DC509C100 /* Pods-Calculator.debug.xcconfig */,
				283F5DE954AC46B5102F20FD /* Pods-Calculator.release.xcconfig */,
				239B46B2CCB2ED4C0557D8E1 /* Pods-Calculator-CalculatorTests.debug.xcconfig */,
				4244BF32D73FE03BA0E04347 /* Pods-Calculator-CalculatorTests.release.xcconfig */,
				EADEA490779D9AFA4F9EC5A6 /* Pods-CalculatorUITests.debug.xcconfig */,
				77C92CA4FED2F6E299563E38 /* Pods-CalculatorUITests.release.xcconfig */,
			);
			name = Pods;
			sourceTree = "<group>";
		};
/* End PBXGroup section */

/* Begin PBXNativeTarget section */
		74171ECA1E801EBE00A3B5E4 /* Calculator */ = {
			isa = PBXNativeTarget;
			buildConfigurationList = 74171EF31E801EBF00A3B5E4 /* Build configuration list for PBXNativeTarget "Calculator" */;
			buildPhases = (
				0A21601927E425E74AAD63E8 /* [CP] Check Pods Manifest.lock */,
				74171EC71E801EBE00A3B5E4 /* Sources */,
				74171EC81E801EBE00A3B5E4 /* Frameworks */,
				74171EC91E801EBE00A3B5E4 /* Resources */,
				6721950BAFC2B86F8D611D3D /* [CP] Embed Pods Frameworks */,
				68F83D7F5244EE122588993C /* [CP] Copy Pods Resources */,
			);
			buildRules = (
			);
			dependencies = (
			);
			name = Calculator;
			productName = Calculator;
			productReference = 74171ECB1E801EBE00A3B5E4 /* Calculator.app */;
			productType = "com.apple.product-type.application";
		};
		74171EDE1E801EBF00A3B5E4 /* CalculatorTests */ = {
			isa = PBXNativeTarget;
			buildConfigurationList = 74171EF61E801EBF00A3B5E4 /* Build configuration list for PBXNativeTarget "CalculatorTests" */;
			buildPhases = (
				5DB8C51212DC70D3FADAFA37 /* [CP] Check Pods Manifest.lock */,
				74171EDB1E801EBF00A3B5E4 /* Sources */,
				74171EDC1E801EBF00A3B5E4 /* Frameworks */,
				74171EDD1E801EBF00A3B5E4 /* Resources */,
				C859EF6C8C78E45FE55E1EA1 /* [CP] Embed Pods Frameworks */,
				341FA84BFA9822DA4E9E2CE3 /* [CP] Copy Pods Resources */,
				74CC089F1E818BB600EFA66F /* Run Script */,
			);
			buildRules = (
			);
			dependencies = (
				74171EE11E801EBF00A3B5E4 /* PBXTargetDependency */,
			);
			name = CalculatorTests;
			productName = CalculatorTests;
			productReference = 74171EDF1E801EBF00A3B5E4 /* CalculatorTests.xctest */;
			productType = "com.apple.product-type.bundle.unit-test";
		};
		74171EE91E801EBF00A3B5E4 /* CalculatorUITests */ = {
			isa = PBXNativeTarget;
			buildConfigurationList = 74171EF91E801EBF00A3B5E4 /* Build configuration list for PBXNativeTarget "CalculatorUITests" */;
			buildPhases = (
				610163160BF4F036FD1FC7AF /* [CP] Check Pods Manifest.lock */,
				74171EE61E801EBF00A3B5E4 /* Sources */,
				74171EE71E801EBF00A3B5E4 /* Frameworks */,
				74171EE81E801EBF00A3B5E4 /* Resources */,
				AE487D825A1392E9AC76B4ED /* [CP] Embed Pods Frameworks */,
				81DF808C00B96715E01F8AD4 /* [CP] Copy Pods Resources */,
			);
			buildRules = (
			);
			dependencies = (
				74171EEC1E801EBF00A3B5E4 /* PBXTargetDependency */,
			);
			name = CalculatorUITests;
			productName = CalculatorUITests;
			productReference = 74171EEA1E801EBF00A3B5E4 /* CalculatorUITests.xctest */;
			productType = "com.apple.product-type.bundle.ui-testing";
		};
/* End PBXNativeTarget section */

/* Begin PBXProject section */
		74171EC31E801EBE00A3B5E4 /* Project object */ = {
			isa = PBXProject;
			attributes = {
				LastSwiftUpdateCheck = 0820;
				LastUpgradeCheck = 0820;
				ORGANIZATIONNAME = "Brian Marshall";
				TargetAttributes = {
					74171ECA1E801EBE00A3B5E4 = {
						CreatedOnToolsVersion = 8.2.1;
						ProvisioningStyle = Automatic;
					};
					74171EDE1E801EBF00A3B5E4 = {
						CreatedOnToolsVersion = 8.2.1;
						ProvisioningStyle = Automatic;
						TestTargetID = 74171ECA1E801EBE00A3B5E4;
					};
					74171EE91E801EBF00A3B5E4 = {
						CreatedOnToolsVersion = 8.2.1;
						ProvisioningStyle = Automatic;
						TestTargetID = 74171ECA1E801EBE00A3B5E4;
					};
				};
			};
			buildConfigurationList = 74171EC61E801EBE00A3B5E4 /* Build configuration list for PBXProject "Calculator" */;
			compatibilityVersion = "Xcode 3.2";
			developmentRegion = English;
			hasScannedForEncodings = 0;
			knownRegions = (
				en,
				Base,
			);
			mainGroup = 74171EC21E801EBE00A3B5E4;
			productRefGroup = 74171ECC1E801EBE00A3B5E4 /* Products */;
			projectDirPath = "";
			projectRoot = "";
			targets = (
				74171ECA1E801EBE00A3B5E4 /* Calculator */,
				74171EDE1E801EBF00A3B5E4 /* CalculatorTests */,
				74171EE91E801EBF00A3B5E4 /* CalculatorUITests */,
			);
		};
/* End PBXProject section */

/* Begin PBXResourcesBuildPhase section */
		74171EC91E801EBE00A3B5E4 /* Resources */ = {
			isa = PBXResourcesBuildPhase;
			buildActionMask = 2147483647;
			files = (
				74171ED91E801EBE00A3B5E4 /* LaunchScreen.storyboard in Resources */,
				74171ED61E801EBE00A3B5E4 /* Assets.xcassets in Resources */,
				74171ED41E801EBE00A3B5E4 /* Main.storyboard in Resources */,
			);
			runOnlyForDeploymentPostprocessing = 0;
		};
		74171EDD1E801EBF00A3B5E4 /* Resources */ = {
			isa = PBXResourcesBuildPhase;
			buildActionMask = 2147483647;
			files = (
			);
			runOnlyForDeploymentPostprocessing = 0;
		};
		74171EE81E801EBF00A3B5E4 /* Resources */ = {
			isa = PBXResourcesBuildPhase;
			buildActionMask = 2147483647;
			files = (
			);
			runOnlyForDeploymentPostprocessing = 0;
		};
/* End PBXResourcesBuildPhase section */

/* Begin PBXShellScriptBuildPhase section */
		0A21601927E425E74AAD63E8 /* [CP] Check Pods Manifest.lock */ = {
			isa = PBXShellScriptBuildPhase;
			buildActionMask = 2147483647;
			files = (
			);
			inputPaths = (
			);
			name = "[CP] Check Pods Manifest.lock";
			outputPaths = (
			);
			runOnlyForDeploymentPostprocessing = 0;
			shellPath = /bin/sh;
			shellScript = "diff \"${PODS_ROOT}/../Podfile.lock\" \"${PODS_ROOT}/Manifest.lock\" > /dev/null\nif [ $? != 0 ] ; then\n    # print error to STDERR\n    echo \"error: The sandbox is not in sync with the Podfile.lock. Run 'pod install' or update your CocoaPods installation.\" >&2\n    exit 1\nfi\n";
			showEnvVarsInLog = 0;
		};
		341FA84BFA9822DA4E9E2CE3 /* [CP] Copy Pods Resources */ = {
			isa = PBXShellScriptBuildPhase;
			buildActionMask = 2147483647;
			files = (
			);
			inputPaths = (
			);
			name = "[CP] Copy Pods Resources";
			outputPaths = (
			);
			runOnlyForDeploymentPostprocessing = 0;
			shellPath = /bin/sh;
			shellScript = "\"${SRCROOT}/Pods/Target Support Files/Pods-Calculator-CalculatorTests/Pods-Calculator-CalculatorTests-resources.sh\"\n";
			showEnvVarsInLog = 0;
		};
		5DB8C51212DC70D3FADAFA37 /* [CP] Check Pods Manifest.lock */ = {
			isa = PBXShellScriptBuildPhase;
			buildActionMask = 2147483647;
			files = (
			);
			inputPaths = (
			);
			name = "[CP] Check Pods Manifest.lock";
			outputPaths = (
			);
			runOnlyForDeploymentPostprocessing = 0;
			shellPath = /bin/sh;
			shellScript = "diff \"${PODS_ROOT}/../Podfile.lock\" \"${PODS_ROOT}/Manifest.lock\" > /dev/null\nif [ $? != 0 ] ; then\n    # print error to STDERR\n    echo \"error: The sandbox is not in sync with the Podfile.lock. Run 'pod install' or update your CocoaPods installation.\" >&2\n    exit 1\nfi\n";
			showEnvVarsInLog = 0;
		};
		610163160BF4F036FD1FC7AF /* [CP] Check Pods Manifest.lock */ = {
			isa = PBXShellScriptBuildPhase;
			buildActionMask = 2147483647;
			files = (
			);
			inputPaths = (
			);
			name = "[CP] Check Pods Manifest.lock";
			outputPaths = (
			);
			runOnlyForDeploymentPostprocessing = 0;
			shellPath = /bin/sh;
			shellScript = "diff \"${PODS_ROOT}/../Podfile.lock\" \"${PODS_ROOT}/Manifest.lock\" > /dev/null\nif [ $? != 0 ] ; then\n    # print error to STDERR\n    echo \"error: The sandbox is not in sync with the Podfile.lock. Run 'pod install' or update your CocoaPods installation.\" >&2\n    exit 1\nfi\n";
			showEnvVarsInLog = 0;
		};
		6721950BAFC2B86F8D611D3D /* [CP] Embed Pods Frameworks */ = {
			isa = PBXShellScriptBuildPhase;
			buildActionMask = 2147483647;
			files = (
			);
			inputPaths = (
			);
			name = "[CP] Embed Pods Frameworks";
			outputPaths = (
			);
			runOnlyForDeploymentPostprocessing = 0;
			shellPath = /bin/sh;
			shellScript = "\"${SRCROOT}/Pods/Target Support Files/Pods-Calculator/Pods-Calculator-frameworks.sh\"\n";
			showEnvVarsInLog = 0;
		};
		68F83D7F5244EE122588993C /* [CP] Copy Pods Resources */ = {
			isa = PBXShellScriptBuildPhase;
			buildActionMask = 2147483647;
			files = (
			);
			inputPaths = (
			);
			name = "[CP] Copy Pods Resources";
			outputPaths = (
			);
			runOnlyForDeploymentPostprocessing = 0;
			shellPath = /bin/sh;
			shellScript = "\"${SRCROOT}/Pods/Target Support Files/Pods-Calculator/Pods-Calculator-resources.sh\"\n";
			showEnvVarsInLog = 0;
		};
		74CC089F1E818BB600EFA66F /* Run Script */ = {
			isa = PBXShellScriptBuildPhase;
			buildActionMask = 2147483647;
			files = (
			);
			inputPaths = (
			);
			name = "Run Script";
			outputPaths = (
			);
			runOnlyForDeploymentPostprocessing = 0;
			shellPath = /bin/sh;
			shellScript = "# Define output file; change \"${PROJECT_NAME}Tests\" to your test's root source folder, if it's not the default name\nOUTPUT_FILE=\"./${PROJECT_NAME}Tests/GeneratedMocks.swift\"\necho \"Generated Mocks File = ${OUTPUT_FILE}\"\n\n# Define input directory; change \"${PROJECT_NAME}\" to your project's root source folder, if it's not the default name\nINPUT_DIR=\"./${PROJECT_NAME}\"\necho \"Mocks Input Directory = ${INPUT_DIR}\"\n\n# Generate mock files; include as many input files as you'd like to create mocks for\n${PODS_ROOT}/Cuckoo/run generate --testable \"${PROJECT_NAME}\" \\\n--output \"${OUTPUT_FILE}\" \\\n\"${INPUT_DIR}/CalculatorModel.swift\"\n\n# ... and so forth\n\n# After running once, locate `GeneratedMocks.swift` and drag it into your Xcode test target group\n";
		};
		81DF808C00B96715E01F8AD4 /* [CP] Copy Pods Resources */ = {
			isa = PBXShellScriptBuildPhase;
			buildActionMask = 2147483647;
			files = (
			);
			inputPaths = (
			);
			name = "[CP] Copy Pods Resources";
			outputPaths = (
			);
			runOnlyForDeploymentPostprocessing = 0;
			shellPath = /bin/sh;
			shellScript = "\"${SRCROOT}/Pods/Target Support Files/Pods-CalculatorUITests/Pods-CalculatorUITests-resources.sh\"\n";
			showEnvVarsInLog = 0;
		};
		AE487D825A1392E9AC76B4ED /* [CP] Embed Pods Frameworks */ = {
			isa = PBXShellScriptBuildPhase;
			buildActionMask = 2147483647;
			files = (
			);
			inputPaths = (
			);
			name = "[CP] Embed Pods Frameworks";
			outputPaths = (
			);
			runOnlyForDeploymentPostprocessing = 0;
			shellPath = /bin/sh;
			shellScript = "\"${SRCROOT}/Pods/Target Support Files/Pods-CalculatorUITests/Pods-CalculatorUITests-frameworks.sh\"\n";
			showEnvVarsInLog = 0;
		};
		C859EF6C8C78E45FE55E1EA1 /* [CP] Embed Pods Frameworks */ = {
			isa = PBXShellScriptBuildPhase;
			buildActionMask = 2147483647;
			files = (
			);
			inputPaths = (
			);
			name = "[CP] Embed Pods Frameworks";
			outputPaths = (
			);
			runOnlyForDeploymentPostprocessing = 0;
			shellPath = /bin/sh;
			shellScript = "\"${SRCROOT}/Pods/Target Support Files/Pods-Calculator-CalculatorTests/Pods-Calculator-CalculatorTests-frameworks.sh\"\n";
			showEnvVarsInLog = 0;
		};
/* End PBXShellScriptBuildPhase section */

/* Begin PBXSourcesBuildPhase section */
		74171EC71E801EBE00A3B5E4 /* Sources */ = {
			isa = PBXSourcesBuildPhase;
			buildActionMask = 2147483647;
			files = (
				74171EFD1E801FC300A3B5E4 /* CalculatorModel.swift in Sources */,
				74171ED11E801EBE00A3B5E4 /* ViewController.swift in Sources */,
				74171ECF1E801EBE00A3B5E4 /* AppDelegate.swift in Sources */,
			);
			runOnlyForDeploymentPostprocessing = 0;
		};
		74171EDB1E801EBF00A3B5E4 /* Sources */ = {
			isa = PBXSourcesBuildPhase;
			buildActionMask = 2147483647;
			files = (
				74171EE41E801EBF00A3B5E4 /* CalculatorTests.swift in Sources */,
			);
			runOnlyForDeploymentPostprocessing = 0;
		};
		74171EE61E801EBF00A3B5E4 /* Sources */ = {
			isa = PBXSourcesBuildPhase;
			buildActionMask = 2147483647;
			files = (
				74171EEF1E801EBF00A3B5E4 /* CalculatorUITests.swift in Sources */,
			);
			runOnlyForDeploymentPostprocessing = 0;
		};
/* End PBXSourcesBuildPhase section */

/* Begin PBXTargetDependency section */
		74171EE11E801EBF00A3B5E4 /* PBXTargetDependency */ = {
			isa = PBXTargetDependency;
			target = 74171ECA1E801EBE00A3B5E4 /* Calculator */;
			targetProxy = 74171EE01E801EBF00A3B5E4 /* PBXContainerItemProxy */;
		};
		74171EEC1E801EBF00A3B5E4 /* PBXTargetDependency */ = {
			isa = PBXTargetDependency;
			target = 74171ECA1E801EBE00A3B5E4 /* Calculator */;
			targetProxy = 74171EEB1E801EBF00A3B5E4 /* PBXContainerItemProxy */;
		};
/* End PBXTargetDependency section */

/* Begin PBXVariantGroup section */
		74171ED21E801EBE00A3B5E4 /* Main.storyboard */ = {
			isa = PBXVariantGroup;
			children = (
				74171ED31E801EBE00A3B5E4 /* Base */,
			);
			name = Main.storyboard;
			sourceTree = "<group>";
		};
		74171ED71E801EBE00A3B5E4 /* LaunchScreen.storyboard */ = {
			isa = PBXVariantGroup;
			children = (
				74171ED81E801EBE00A3B5E4 /* Base */,
			);
			name = LaunchScreen.storyboard;
			sourceTree = "<group>";
		};
/* End PBXVariantGroup section */

/* Begin XCBuildConfiguration section */
		74171EF11E801EBF00A3B5E4 /* Debug */ = {
			isa = XCBuildConfiguration;
			buildSettings = {
				ALWAYS_SEARCH_USER_PATHS = NO;
				CLANG_ANALYZER_NONNULL = YES;
				CLANG_CXX_LANGUAGE_STANDARD = "gnu++0x";
				CLANG_CXX_LIBRARY = "libc++";
				CLANG_ENABLE_MODULES = YES;
				CLANG_ENABLE_OBJC_ARC = YES;
				CLANG_WARN_BOOL_CONVERSION = YES;
				CLANG_WARN_CONSTANT_CONVERSION = YES;
				CLANG_WARN_DIRECT_OBJC_ISA_USAGE = YES_ERROR;
				CLANG_WARN_DOCUMENTATION_COMMENTS = YES;
				CLANG_WARN_EMPTY_BODY = YES;
				CLANG_WARN_ENUM_CONVERSION = YES;
				CLANG_WARN_INFINITE_RECURSION = YES;
				CLANG_WARN_INT_CONVERSION = YES;
				CLANG_WARN_OBJC_ROOT_CLASS = YES_ERROR;
				CLANG_WARN_SUSPICIOUS_MOVE = YES;
				CLANG_WARN_UNREACHABLE_CODE = YES;
				CLANG_WARN__DUPLICATE_METHOD_MATCH = YES;
				"CODE_SIGN_IDENTITY[sdk=iphoneos*]" = "iPhone Developer";
				COPY_PHASE_STRIP = NO;
				DEBUG_INFORMATION_FORMAT = dwarf;
				ENABLE_STRICT_OBJC_MSGSEND = YES;
				ENABLE_TESTABILITY = YES;
				GCC_C_LANGUAGE_STANDARD = gnu99;
				GCC_DYNAMIC_NO_PIC = NO;
				GCC_NO_COMMON_BLOCKS = YES;
				GCC_OPTIMIZATION_LEVEL = 0;
				GCC_PREPROCESSOR_DEFINITIONS = (
					"DEBUG=1",
					"$(inherited)",
				);
				GCC_WARN_64_TO_32_BIT_CONVERSION = YES;
				GCC_WARN_ABOUT_RETURN_TYPE = YES_ERROR;
				GCC_WARN_UNDECLARED_SELECTOR = YES;
				GCC_WARN_UNINITIALIZED_AUTOS = YES_AGGRESSIVE;
				GCC_WARN_UNUSED_FUNCTION = YES;
				GCC_WARN_UNUSED_VARIABLE = YES;
				IPHONEOS_DEPLOYMENT_TARGET = 10.2;
				MTL_ENABLE_DEBUG_INFO = YES;
				ONLY_ACTIVE_ARCH = YES;
				SDKROOT = iphoneos;
				SWIFT_ACTIVE_COMPILATION_CONDITIONS = DEBUG;
				SWIFT_OPTIMIZATION_LEVEL = "-Onone";
			};
			name = Debug;
		};
		74171EF21E801EBF00A3B5E4 /* Release */ = {
			isa = XCBuildConfiguration;
			buildSettings = {
				ALWAYS_SEARCH_USER_PATHS = NO;
				CLANG_ANALYZER_NONNULL = YES;
				CLANG_CXX_LANGUAGE_STANDARD = "gnu++0x";
				CLANG_CXX_LIBRARY = "libc++";
				CLANG_ENABLE_MODULES = YES;
				CLANG_ENABLE_OBJC_ARC = YES;
				CLANG_WARN_BOOL_CONVERSION = YES;
				CLANG_WARN_CONSTANT_CONVERSION = YES;
				CLANG_WARN_DIRECT_OBJC_ISA_USAGE = YES_ERROR;
				CLANG_WARN_DOCUMENTATION_COMMENTS = YES;
				CLANG_WARN_EMPTY_BODY = YES;
				CLANG_WARN_ENUM_CONVERSION = YES;
				CLANG_WARN_INFINITE_RECURSION = YES;
				CLANG_WARN_INT_CONVERSION = YES;
				CLANG_WARN_OBJC_ROOT_CLASS = YES_ERROR;
				CLANG_WARN_SUSPICIOUS_MOVE = YES;
				CLANG_WARN_UNREACHABLE_CODE = YES;
				CLANG_WARN__DUPLICATE_METHOD_MATCH = YES;
				"CODE_SIGN_IDENTITY[sdk=iphoneos*]" = "iPhone Developer";
				COPY_PHASE_STRIP = NO;
				DEBUG_INFORMATION_FORMAT = "dwarf-with-dsym";
				ENABLE_NS_ASSERTIONS = NO;
				ENABLE_STRICT_OBJC_MSGSEND = YES;
				GCC_C_LANGUAGE_STANDARD = gnu99;
				GCC_NO_COMMON_BLOCKS = YES;
				GCC_WARN_64_TO_32_BIT_CONVERSION = YES;
				GCC_WARN_ABOUT_RETURN_TYPE = YES_ERROR;
				GCC_WARN_UNDECLARED_SELECTOR = YES;
				GCC_WARN_UNINITIALIZED_AUTOS = YES_AGGRESSIVE;
				GCC_WARN_UNUSED_FUNCTION = YES;
				GCC_WARN_UNUSED_VARIABLE = YES;
				IPHONEOS_DEPLOYMENT_TARGET = 10.2;
				MTL_ENABLE_DEBUG_INFO = NO;
				SDKROOT = iphoneos;
				SWIFT_OPTIMIZATION_LEVEL = "-Owholemodule";
				VALIDATE_PRODUCT = YES;
			};
			name = Release;
		};
		74171EF41E801EBF00A3B5E4 /* Debug */ = {
			isa = XCBuildConfiguration;
			baseConfigurationReference = 571D4B77433E6C0DC509C100 /* Pods-Calculator.debug.xcconfig */;
			buildSettings = {
				ASSETCATALOG_COMPILER_APPICON_NAME = AppIcon;
				ENABLE_BITCODE = YES;
				INFOPLIST_FILE = Calculator/Info.plist;
				LD_RUNPATH_SEARCH_PATHS = "$(inherited) @executable_path/Frameworks";
				PRODUCT_BUNDLE_IDENTIFIER = riis.Calculator;
				PRODUCT_NAME = "$(TARGET_NAME)";
				SWIFT_VERSION = 3.0;
			};
			name = Debug;
		};
		74171EF51E801EBF00A3B5E4 /* Release */ = {
			isa = XCBuildConfiguration;
			baseConfigurationReference = 283F5DE954AC46B5102F20FD /* Pods-Calculator.release.xcconfig */;
			buildSettings = {
				ASSETCATALOG_COMPILER_APPICON_NAME = AppIcon;
				ENABLE_BITCODE = YES;
				INFOPLIST_FILE = Calculator/Info.plist;
				LD_RUNPATH_SEARCH_PATHS = "$(inherited) @executable_path/Frameworks";
				PRODUCT_BUNDLE_IDENTIFIER = riis.Calculator;
				PRODUCT_NAME = "$(TARGET_NAME)";
				SWIFT_VERSION = 3.0;
			};
			name = Release;
		};
		74171EF71E801EBF00A3B5E4 /* Debug */ = {
			isa = XCBuildConfiguration;
			baseConfigurationReference = 239B46B2CCB2ED4C0557D8E1 /* Pods-Calculator-CalculatorTests.debug.xcconfig */;
			buildSettings = {
				ALWAYS_EMBED_SWIFT_STANDARD_LIBRARIES = YES;
				BUNDLE_LOADER = "$(TEST_HOST)";
				INFOPLIST_FILE = CalculatorTests/Info.plist;
				LD_RUNPATH_SEARCH_PATHS = "$(inherited) @executable_path/Frameworks @loader_path/Frameworks";
				PRODUCT_BUNDLE_IDENTIFIER = riis.CalculatorTests;
				PRODUCT_NAME = "$(TARGET_NAME)";
				SWIFT_VERSION = 3.0;
				TEST_HOST = "$(BUILT_PRODUCTS_DIR)/Calculator.app/Calculator";
			};
			name = Debug;
		};
		74171EF81E801EBF00A3B5E4 /* Release */ = {
			isa = XCBuildConfiguration;
			baseConfigurationReference = 4244BF32D73FE03BA0E04347 /* Pods-Calculator-CalculatorTests.release.xcconfig */;
			buildSettings = {
				ALWAYS_EMBED_SWIFT_STANDARD_LIBRARIES = YES;
				BUNDLE_LOADER = "$(TEST_HOST)";
				INFOPLIST_FILE = CalculatorTests/Info.plist;
				LD_RUNPATH_SEARCH_PATHS = "$(inherited) @executable_path/Frameworks @loader_path/Frameworks";
				PRODUCT_BUNDLE_IDENTIFIER = riis.CalculatorTests;
				PRODUCT_NAME = "$(TARGET_NAME)";
				SWIFT_VERSION = 3.0;
				TEST_HOST = "$(BUILT_PRODUCTS_DIR)/Calculator.app/Calculator";
			};
			name = Release;
		};
		74171EFA1E801EBF00A3B5E4 /* Debug */ = {
			isa = XCBuildConfiguration;
			baseConfigurationReference = EADEA490779D9AFA4F9EC5A6 /* Pods-CalculatorUITests.debug.xcconfig */;
			buildSettings = {
				ALWAYS_EMBED_SWIFT_STANDARD_LIBRARIES = YES;
				INFOPLIST_FILE = CalculatorUITests/Info.plist;
				LD_RUNPATH_SEARCH_PATHS = "$(inherited) @executable_path/Frameworks @loader_path/Frameworks";
				PRODUCT_BUNDLE_IDENTIFIER = riis.CalculatorUITests;
				PRODUCT_NAME = "$(TARGET_NAME)";
				SWIFT_VERSION = 3.0;
				TEST_TARGET_NAME = Calculator;
			};
			name = Debug;
		};
		74171EFB1E801EBF00A3B5E4 /* Release */ = {
			isa = XCBuildConfiguration;
			baseConfigurationReference = 77C92CA4FED2F6E299563E38 /* Pods-CalculatorUITests.release.xcconfig */;
			buildSettings = {
				ALWAYS_EMBED_SWIFT_STANDARD_LIBRARIES = YES;
				INFOPLIST_FILE = CalculatorUITests/Info.plist;
				LD_RUNPATH_SEARCH_PATHS = "$(inherited) @executable_path/Frameworks @loader_path/Frameworks";
				PRODUCT_BUNDLE_IDENTIFIER = riis.CalculatorUITests;
				PRODUCT_NAME = "$(TARGET_NAME)";
				SWIFT_VERSION = 3.0;
				TEST_TARGET_NAME = Calculator;
			};
			name = Release;
		};
/* End XCBuildConfiguration section */

/* Begin XCConfigurationList section */
		74171EC61E801EBE00A3B5E4 /* Build configuration list for PBXProject "Calculator" */ = {
			isa = XCConfigurationList;
			buildConfigurations = (
				74171EF11E801EBF00A3B5E4 /* Debug */,
				74171EF21E801EBF00A3B5E4 /* Release */,
			);
			defaultConfigurationIsVisible = 0;
			defaultConfigurationName = Release;
		};
		74171EF31E801EBF00A3B5E4 /* Build configuration list for PBXNativeTarget "Calculator" */ = {
			isa = XCConfigurationList;
			buildConfigurations = (
				74171EF41E801EBF00A3B5E4 /* Debug */,
				74171EF51E801EBF00A3B5E4 /* Release */,
			);
			defaultConfigurationIsVisible = 0;
			defaultConfigurationName = Release;
		};
		74171EF61E801EBF00A3B5E4 /* Build configuration list for PBXNativeTarget "CalculatorTests" */ = {
			isa = XCConfigurationList;
			buildConfigurations = (
				74171EF71E801EBF00A3B5E4 /* Debug */,
				74171EF81E801EBF00A3B5E4 /* Release */,
			);
			defaultConfigurationIsVisible = 0;
			defaultConfigurationName = Release;
		};
		74171EF91E801EBF00A3B5E4 /* Build configuration list for PBXNativeTarget "CalculatorUITests" */ = {
			isa = XCConfigurationList;
			buildConfigurations = (
				74171EFA1E801EBF00A3B5E4 /* Debug */,
				74171EFB1E801EBF00A3B5E4 /* Release */,
			);
			defaultConfigurationIsVisible = 0;
			defaultConfigurationName = Release;
		};
/* End XCConfigurationList section */
	};
	rootObject = 74171EC31E801EBE00A3B5E4 /* Project object */;
}
